
Microsoft Visual Studio Solution File, Format Version 12.00
# Visual Studio Version 16
VisualStudioVersion = 16.0.31727.386
MinimumVisualStudioVersion = 10.0.40219.1
Project("{9A19103F-16F7-4668-BE54-9A1E7A4F7556}") = "DisplayJsonData", "DisplayJsonData\DisplayJsonData.csproj", "{08212545-9482-4883-999F-E51D44490904}"
EndProject
Project("{FAE04EC0-301F-11D3-BF4B-00C04F79EFBC}") = "ConnectToEFCore", "ConnectToEFCore\ConnectToEFCore.csproj", "{D8A083D4-60D6-4968-B997-197B64784C0E}"
EndProject
Global
	GlobalSection(SolutionConfigurationPlatforms) = preSolution
		Debug|Any CPU = Debug|Any CPU
		Release|Any CPU = Release|Any CPU
	EndGlobalSection
	GlobalSection(ProjectConfigurationPlatforms) = postSolution
		{08212545-9482-4883-999F-E51D44490904}.Debug|Any CPU.ActiveCfg = Debug|Any CPU
		{08212545-9482-4883-999F-E51D44490904}.Debug|Any CPU.Build.0 = Debug|Any CPU
		{08212545-9482-4883-999F-E51D44490904}.Release|Any CPU.ActiveCfg = Release|Any CPU
		{08212545-9482-4883-999F-E51D44490904}.Release|Any CPU.Build.0 = Release|Any CPU
		{D8A083D4-60D6-4968-B997-197B64784C0E}.Debug|Any CPU.ActiveCfg = Debug|Any CPU
		{D8A083D4-60D6-4968-B997-197B64784C0E}.Debug|Any CPU.Build.0 = Debug|Any CPU
		{D8A083D4-60D6-4968-B997-197B64784C0E}.Release|Any CPU.ActiveCfg = Release|Any CPU
		{D8A083D4-60D6-4968-B997-197B64784C0E}.Release|Any CPU.Build.0 = Release|Any CPU
	EndGlobalSection
	GlobalSection(SolutionProperties) = preSolution
		HideSolutionNode = FALSE
	EndGlobalSection
	GlobalSection(ExtensibilityGlobals) = postSolution
		SolutionGuid = {63CF63ED-25F2-4E4A-A95E-0AB0DF5C08E8}
	EndGlobalSection
EndGlobal
